
Microsoft Visual Studio Solution File, Format Version 12.00
# Visual Studio Version 17
VisualStudioVersion = 17.8.34525.116
MinimumVisualStudioVersion = 10.0.40219.1
Project("{FAE04EC0-301F-11D3-BF4B-00C04F79EFBC}") = "weather-server", "weather-server\weather-server.csproj", "{9C8D80A8-8637-40AD-87E0-38C0BB354EE2}"
EndProject
Global
	GlobalSection(SolutionConfigurationPlatforms) = preSolution
		Debug|Any CPU = Debug|Any CPU
		Release|Any CPU = Release|Any CPU
	EndGlobalSection
	GlobalSection(ProjectConfigurationPlatforms) = postSolution
		{9C8D80A8-8637-40AD-87E0-38C0BB354EE2}.Debug|Any CPU.ActiveCfg = Debug|Any CPU
		{9C8D80A8-8637-40AD-87E0-38C0BB354EE2}.Debug|Any CPU.Build.0 = Debug|Any CPU
		{9C8D80A8-8637-40AD-87E0-38C0BB354EE2}.Release|Any CPU.ActiveCfg = Release|Any CPU
		{9C8D80A8-8637-40AD-87E0-38C0BB354EE2}.Release|Any CPU.Build.0 = Release|Any CPU
	EndGlobalSection
	GlobalSection(SolutionProperties) = preSolution
		HideSolutionNode = FALSE
	EndGlobalSection
	GlobalSection(ExtensibilityGlobals) = postSolution
		SolutionGuid = {299E037B-D217-4AAD-A7FA-EC98704812C6}
	EndGlobalSection
EndGlobal
