
Microsoft Visual Studio Solution File, Format Version 12.00
# Visual Studio Version 17
VisualStudioVersion = 17.8.34525.116
MinimumVisualStudioVersion = 10.0.40219.1
Project("{9A19103F-16F7-4668-BE54-9A1E7A4F7556}") = "weather-server", "weather-server\weather-server.csproj", "{9C8D80A8-8637-40AD-87E0-38C0BB354EE2}"
	ProjectSection(ProjectDependencies) = postProject
		{59085E29-27E3-4099-90F7-B7D412AFF256} = {59085E29-27E3-4099-90F7-B7D412AFF256}
	EndProjectSection
EndProject
Project("{9A19103F-16F7-4668-BE54-9A1E7A4F7556}") = "CountryModel", "CountryModel\CountryModel.csproj", "{59085E29-27E3-4099-90F7-B7D412AFF256}"
EndProject
Global
	GlobalSection(SolutionConfigurationPlatforms) = preSolution
		Debug|Any CPU = Debug|Any CPU
		Release|Any CPU = Release|Any CPU
	EndGlobalSection
	GlobalSection(ProjectConfigurationPlatforms) = postSolution
		{9C8D80A8-8637-40AD-87E0-38C0BB354EE2}.Debug|Any CPU.ActiveCfg = Debug|Any CPU
		{9C8D80A8-8637-40AD-87E0-38C0BB354EE2}.Debug|Any CPU.Build.0 = Debug|Any CPU
		{9C8D80A8-8637-40AD-87E0-38C0BB354EE2}.Release|Any CPU.ActiveCfg = Release|Any CPU
		{9C8D80A8-8637-40AD-87E0-38C0BB354EE2}.Release|Any CPU.Build.0 = Release|Any CPU
		{59085E29-27E3-4099-90F7-B7D412AFF256}.Debug|Any CPU.ActiveCfg = Debug|Any CPU
		{59085E29-27E3-4099-90F7-B7D412AFF256}.Debug|Any CPU.Build.0 = Debug|Any CPU
		{59085E29-27E3-4099-90F7-B7D412AFF256}.Release|Any CPU.ActiveCfg = Release|Any CPU
		{59085E29-27E3-4099-90F7-B7D412AFF256}.Release|Any CPU.Build.0 = Release|Any CPU
	EndGlobalSection
	GlobalSection(SolutionProperties) = preSolution
		HideSolutionNode = FALSE
	EndGlobalSection
	GlobalSection(ExtensibilityGlobals) = postSolution
		SolutionGuid = {299E037B-D217-4AAD-A7FA-EC98704812C6}
	EndGlobalSection
EndGlobal
