
Microsoft Visual Studio Solution File, Format Version 12.00
# Visual Studio Version 17
VisualStudioVersion = 17.5.002.0
MinimumVisualStudioVersion = 10.0.40219.1
Project("{9A19103F-16F7-4668-BE54-9A1E7A4F7556}") = "weather-server", "weather-server.csproj", "{360BF51F-D54F-42C7-B2AA-87AAB82BABAC}"
EndProject
Global
	GlobalSection(SolutionConfigurationPlatforms) = preSolution
		Debug|Any CPU = Debug|Any CPU
		Release|Any CPU = Release|Any CPU
	EndGlobalSection
	GlobalSection(ProjectConfigurationPlatforms) = postSolution
		{360BF51F-D54F-42C7-B2AA-87AAB82BABAC}.Debug|Any CPU.ActiveCfg = Debug|Any CPU
		{360BF51F-D54F-42C7-B2AA-87AAB82BABAC}.Debug|Any CPU.Build.0 = Debug|Any CPU
		{360BF51F-D54F-42C7-B2AA-87AAB82BABAC}.Release|Any CPU.ActiveCfg = Release|Any CPU
		{360BF51F-D54F-42C7-B2AA-87AAB82BABAC}.Release|Any CPU.Build.0 = Release|Any CPU
	EndGlobalSection
	GlobalSection(SolutionProperties) = preSolution
		HideSolutionNode = FALSE
	EndGlobalSection
	GlobalSection(ExtensibilityGlobals) = postSolution
		SolutionGuid = {812C89CA-0297-4A76-91B7-CDB1C96A4686}
	EndGlobalSection
EndGlobal
